Microsoft Visual Studio Solution File, Format Version 12.00
# Visual Studio Version 17
VisualStudioVersion = 17.5.2.0
MinimumVisualStudioVersion = 10.0.40219.1
Project("{FAE04EC0-301F-11D3-BF4B-00C04F79EFBC}") = "Projekt2WeatherAggregator", "Projekt2WeatherAggregator.csproj", "{EC7F210B-407D-591F-60CA-39D19401E4AA}"
EndProject
Global
	GlobalSection(SolutionConfigurationPlatforms) = preSolution
		Debug|Any CPU = Debug|Any CPU
		Release|Any CPU = Release|Any CPU
	EndGlobalSection
	GlobalSection(ProjectConfigurationPlatforms) = postSolution
		{EC7F210B-407D-591F-60CA-39D19401E4AA}.Debug|Any CPU.ActiveCfg = Debug|Any CPU
		{EC7F210B-407D-591F-60CA-39D19401E4AA}.Debug|Any CPU.Build.0 = Debug|Any CPU
		{EC7F210B-407D-591F-60CA-39D19401E4AA}.Release|Any CPU.ActiveCfg = Release|Any CPU
		{EC7F210B-407D-591F-60CA-39D19401E4AA}.Release|Any CPU.Build.0 = Release|Any CPU
	EndGlobalSection
	GlobalSection(SolutionProperties) = preSolution
		HideSolutionNode = FALSE
	EndGlobalSection
	GlobalSection(ExtensibilityGlobals) = postSolution
		SolutionGuid = {F910F25A-87A1-4AE2-9292-04F41DA8EF19}
	EndGlobalSection
EndGlobal
